
Microsoft Visual Studio Solution File, Format Version 12.00
# Visual Studio Version 17
VisualStudioVersion = 17.8.34511.84
MinimumVisualStudioVersion = 10.0.40219.1
Project("{FAE04EC0-301F-11D3-BF4B-00C04F79EFBC}") = "VanillaExpandedFramework", "VanillaExpandedFramework.csproj", "{5F1D8C6D-E127-4001-A575-E56D99DF271F}"
EndProject
Project("{2150E333-8FDC-42A3-9474-1A3956D46DE8}") = "VanillaExpandedFramework", "VanillaExpandedFramework", "{248B3DAB-7025-4E2C-B453-23E36B51C4E1}"
EndProject
Project("{2150E333-8FDC-42A3-9474-1A3956D46DE8}") = "ResearchReinvented", "ResearchReinvented", "{88AD742C-B6D3-4186-A292-33A971C3CB03}"
EndProject
Project("{FAE04EC0-301F-11D3-BF4B-00C04F79EFBC}") = "ResearchReinvented", "ResearchReinvented\ResearchReinvented.csproj", "{2C4B0F0E-E3AE-4D8E-A4BE-A1E9933D8DD2}"
EndProject
Global
	GlobalSection(SolutionConfigurationPlatforms) = preSolution
		Debug|Any CPU = Debug|Any CPU
		Release|Any CPU = Release|Any CPU
	EndGlobalSection
	GlobalSection(ProjectConfigurationPlatforms) = postSolution
		{5F1D8C6D-E127-4001-A575-E56D99DF271F}.Debug|Any CPU.ActiveCfg = Debug|Any CPU
		{5F1D8C6D-E127-4001-A575-E56D99DF271F}.Debug|Any CPU.Build.0 = Debug|Any CPU
		{5F1D8C6D-E127-4001-A575-E56D99DF271F}.Release|Any CPU.ActiveCfg = Release|Any CPU
		{5F1D8C6D-E127-4001-A575-E56D99DF271F}.Release|Any CPU.Build.0 = Release|Any CPU
		{2C4B0F0E-E3AE-4D8E-A4BE-A1E9933D8DD2}.Debug|Any CPU.ActiveCfg = Debug|Any CPU
		{2C4B0F0E-E3AE-4D8E-A4BE-A1E9933D8DD2}.Debug|Any CPU.Build.0 = Debug|Any CPU
		{2C4B0F0E-E3AE-4D8E-A4BE-A1E9933D8DD2}.Release|Any CPU.ActiveCfg = Release|Any CPU
		{2C4B0F0E-E3AE-4D8E-A4BE-A1E9933D8DD2}.Release|Any CPU.Build.0 = Release|Any CPU
	EndGlobalSection
	GlobalSection(SolutionProperties) = preSolution
		HideSolutionNode = FALSE
	EndGlobalSection
	GlobalSection(NestedProjects) = preSolution
		{5F1D8C6D-E127-4001-A575-E56D99DF271F} = {248B3DAB-7025-4E2C-B453-23E36B51C4E1}
		{2C4B0F0E-E3AE-4D8E-A4BE-A1E9933D8DD2} = {88AD742C-B6D3-4186-A292-33A971C3CB03}
	EndGlobalSection
	GlobalSection(ExtensibilityGlobals) = postSolution
		SolutionGuid = {479671DB-E9C4-429D-A366-590348018F34}
	EndGlobalSection
EndGlobal
